
Microsoft Visual Studio Solution File, Format Version 12.00
# Visual Studio Version 17
VisualStudioVersion = 17.4.33205.214
MinimumVisualStudioVersion = 10.0.40219.1
Project("{FAE04EC0-301F-11D3-BF4B-00C04F79EFBC}") = "Assignment2", "Assignment2.csproj", "{03F543DB-1855-4780-A6C4-ACC0F28964A5}"
EndProject
Global
	GlobalSection(SolutionConfigurationPlatforms) = preSolution
		Debug|Any CPU = Debug|Any CPU
		Release|Any CPU = Release|Any CPU
	EndGlobalSection
	GlobalSection(ProjectConfigurationPlatforms) = postSolution
		{03F543DB-1855-4780-A6C4-ACC0F28964A5}.Debug|Any CPU.ActiveCfg = Debug|Any CPU
		{03F543DB-1855-4780-A6C4-ACC0F28964A5}.Debug|Any CPU.Build.0 = Debug|Any CPU
		{03F543DB-1855-4780-A6C4-ACC0F28964A5}.Release|Any CPU.ActiveCfg = Release|Any CPU
		{03F543DB-1855-4780-A6C4-ACC0F28964A5}.Release|Any CPU.Build.0 = Release|Any CPU
	EndGlobalSection
	GlobalSection(SolutionProperties) = preSolution
		HideSolutionNode = FALSE
	EndGlobalSection
	GlobalSection(ExtensibilityGlobals) = postSolution
		SolutionGuid = {0E69ADD4-C683-4267-8900-3C392CAB910F}
	EndGlobalSection
EndGlobal
