
Microsoft Visual Studio Solution File, Format Version 12.00
# Visual Studio Version 17
VisualStudioVersion = 17.4.33205.214
MinimumVisualStudioVersion = 10.0.40219.1
Project("{FAE04EC0-301F-11D3-BF4B-00C04F79EFBC}") = "ExceptionHandling2", "ExceptionHandling2.csproj", "{559CEC3D-9EE0-4AFD-9D35-32E699EB79B8}"
EndProject
Global
	GlobalSection(SolutionConfigurationPlatforms) = preSolution
		Debug|Any CPU = Debug|Any CPU
		Release|Any CPU = Release|Any CPU
	EndGlobalSection
	GlobalSection(ProjectConfigurationPlatforms) = postSolution
		{559CEC3D-9EE0-4AFD-9D35-32E699EB79B8}.Debug|Any CPU.ActiveCfg = Debug|Any CPU
		{559CEC3D-9EE0-4AFD-9D35-32E699EB79B8}.Debug|Any CPU.Build.0 = Debug|Any CPU
		{559CEC3D-9EE0-4AFD-9D35-32E699EB79B8}.Release|Any CPU.ActiveCfg = Release|Any CPU
		{559CEC3D-9EE0-4AFD-9D35-32E699EB79B8}.Release|Any CPU.Build.0 = Release|Any CPU
	EndGlobalSection
	GlobalSection(SolutionProperties) = preSolution
		HideSolutionNode = FALSE
	EndGlobalSection
	GlobalSection(ExtensibilityGlobals) = postSolution
		SolutionGuid = {3F75123D-C0B7-4E17-A28E-A6E35B44515C}
	EndGlobalSection
EndGlobal
