
Microsoft Visual Studio Solution File, Format Version 12.00
# Visual Studio Version 17
VisualStudioVersion = 17.4.33205.214
MinimumVisualStudioVersion = 10.0.40219.1
Project("{FAE04EC0-301F-11D3-BF4B-00C04F79EFBC}") = "LINQdemo", "LINQdemo.csproj", "{0D88C1CF-B9FB-4DDD-AAAB-414142223DBF}"
EndProject
Global
	GlobalSection(SolutionConfigurationPlatforms) = preSolution
		Debug|Any CPU = Debug|Any CPU
		Release|Any CPU = Release|Any CPU
	EndGlobalSection
	GlobalSection(ProjectConfigurationPlatforms) = postSolution
		{0D88C1CF-B9FB-4DDD-AAAB-414142223DBF}.Debug|Any CPU.ActiveCfg = Debug|Any CPU
		{0D88C1CF-B9FB-4DDD-AAAB-414142223DBF}.Debug|Any CPU.Build.0 = Debug|Any CPU
		{0D88C1CF-B9FB-4DDD-AAAB-414142223DBF}.Release|Any CPU.ActiveCfg = Release|Any CPU
		{0D88C1CF-B9FB-4DDD-AAAB-414142223DBF}.Release|Any CPU.Build.0 = Release|Any CPU
	EndGlobalSection
	GlobalSection(SolutionProperties) = preSolution
		HideSolutionNode = FALSE
	EndGlobalSection
	GlobalSection(ExtensibilityGlobals) = postSolution
		SolutionGuid = {FDE1D724-E070-46DF-BEF0-62A352FABE60}
	EndGlobalSection
EndGlobal
