
Microsoft Visual Studio Solution File, Format Version 12.00
# Visual Studio Version 17
VisualStudioVersion = 17.4.33205.214
MinimumVisualStudioVersion = 10.0.40219.1
Project("{FAE04EC0-301F-11D3-BF4B-00C04F79EFBC}") = "Inhertance", "Inhertance.csproj", "{EF315E2F-F22A-47F9-9B01-5A094894BEAD}"
EndProject
Global
	GlobalSection(SolutionConfigurationPlatforms) = preSolution
		Debug|Any CPU = Debug|Any CPU
		Release|Any CPU = Release|Any CPU
	EndGlobalSection
	GlobalSection(ProjectConfigurationPlatforms) = postSolution
		{EF315E2F-F22A-47F9-9B01-5A094894BEAD}.Debug|Any CPU.ActiveCfg = Debug|Any CPU
		{EF315E2F-F22A-47F9-9B01-5A094894BEAD}.Debug|Any CPU.Build.0 = Debug|Any CPU
		{EF315E2F-F22A-47F9-9B01-5A094894BEAD}.Release|Any CPU.ActiveCfg = Release|Any CPU
		{EF315E2F-F22A-47F9-9B01-5A094894BEAD}.Release|Any CPU.Build.0 = Release|Any CPU
	EndGlobalSection
	GlobalSection(SolutionProperties) = preSolution
		HideSolutionNode = FALSE
	EndGlobalSection
	GlobalSection(ExtensibilityGlobals) = postSolution
		SolutionGuid = {C5EC6E6E-C8D1-48F7-9684-5146A2F05175}
	EndGlobalSection
EndGlobal
