
Microsoft Visual Studio Solution File, Format Version 12.00
# Visual Studio Version 17
VisualStudioVersion = 17.4.33205.214
MinimumVisualStudioVersion = 10.0.40219.1
Project("{FAE04EC0-301F-11D3-BF4B-00C04F79EFBC}") = "ActionFuncPredicate", "ActionFuncPredicate.csproj", "{7DA1F819-B981-48F3-83D6-02AC2636115B}"
EndProject
Global
	GlobalSection(SolutionConfigurationPlatforms) = preSolution
		Debug|Any CPU = Debug|Any CPU
		Release|Any CPU = Release|Any CPU
	EndGlobalSection
	GlobalSection(ProjectConfigurationPlatforms) = postSolution
		{7DA1F819-B981-48F3-83D6-02AC2636115B}.Debug|Any CPU.ActiveCfg = Debug|Any CPU
		{7DA1F819-B981-48F3-83D6-02AC2636115B}.Debug|Any CPU.Build.0 = Debug|Any CPU
		{7DA1F819-B981-48F3-83D6-02AC2636115B}.Release|Any CPU.ActiveCfg = Release|Any CPU
		{7DA1F819-B981-48F3-83D6-02AC2636115B}.Release|Any CPU.Build.0 = Release|Any CPU
	EndGlobalSection
	GlobalSection(SolutionProperties) = preSolution
		HideSolutionNode = FALSE
	EndGlobalSection
	GlobalSection(ExtensibilityGlobals) = postSolution
		SolutionGuid = {01C0AA60-B0EF-44B9-A2A9-1BFBD0FA6609}
	EndGlobalSection
EndGlobal
